// !$*UTF8*$!
{
	archiveVersion = 1;
	classes = {
	};
	objectVersion = 51;
	objects = {

/* Begin PBXBuildFile section */
		42953489B62615D9496FEAAB /* Pods_Manga.framework in Frameworks */ = {isa = PBXBuildFile; fileRef = ADF7AD884863B9AF13ACB555 /* Pods_Manga.framework */; };
		781AA61C2663A453009C6024 /* StorageManger.swift in Sources */ = {isa = PBXBuildFile; fileRef = 781AA61B2663A453009C6024 /* StorageManger.swift */; };
		7886B58D264E89A000602FDF /* DetailVC.swift in Sources */ = {isa = PBXBuildFile; fileRef = 7886B58C264E89A000602FDF /* DetailVC.swift */; };
		7895C79C2647F7FC00DAEF99 /* CustomCollectionViewCell.swift in Sources */ = {isa = PBXBuildFile; fileRef = 7895C79B2647F7FC00DAEF99 /* CustomCollectionViewCell.swift */; };
		7898A3FC2667CD9000D6F74A /* ReachabilityService.swift in Sources */ = {isa = PBXBuildFile; fileRef = 7898A3FB2667CD9000D6F74A /* ReachabilityService.swift */; };
		7898A3FE2667DD1300D6F74A /* MainService.swift in Sources */ = {isa = PBXBuildFile; fileRef = 7898A3FD2667DD1300D6F74A /* MainService.swift */; };
		789A29C826663F89007CD8DD /* libsqlite3.tbd in Frameworks */ = {isa = PBXBuildFile; fileRef = 789A29C726663F73007CD8DD /* libsqlite3.tbd */; };
		78A735A72663CD6C00E7340B /* Extensions.swift in Sources */ = {isa = PBXBuildFile; fileRef = 78A735A62663CD6C00E7340B /* Extensions.swift */; };
		78ACBDCE265E604F0049E734 /* ImageService.swift in Sources */ = {isa = PBXBuildFile; fileRef = 78ACBDCD265E604F0049E734 /* ImageService.swift */; };
		78AF785C265921ED00C6D43A /* ModallyScreenViewController.swift in Sources */ = {isa = PBXBuildFile; fileRef = 78AF785B265921ED00C6D43A /* ModallyScreenViewController.swift */; };
		78B7EBF62646C64200AE0F2F /* AppDelegate.swift in Sources */ = {isa = PBXBuildFile; fileRef = 78B7EBF52646C64200AE0F2F /* AppDelegate.swift */; };
		78B7EBF82646C64200AE0F2F /* MangaListVC.swift in Sources */ = {isa = PBXBuildFile; fileRef = 78B7EBF72646C64200AE0F2F /* MangaListVC.swift */; };
		78B7EBFB2646C64200AE0F2F /* Main.storyboard in Resources */ = {isa = PBXBuildFile; fileRef = 78B7EBF92646C64200AE0F2F /* Main.storyboard */; };
		78B7EBFD2646C64300AE0F2F /* Assets.xcassets in Resources */ = {isa = PBXBuildFile; fileRef = 78B7EBFC2646C64300AE0F2F /* Assets.xcassets */; };
		78B7EC002646C64300AE0F2F /* LaunchScreen.storyboard in Resources */ = {isa = PBXBuildFile; fileRef = 78B7EBFE2646C64300AE0F2F /* LaunchScreen.storyboard */; };
		78B7EC082646C65900AE0F2F /* Podfile in Resources */ = {isa = PBXBuildFile; fileRef = 78B7EC072646C65900AE0F2F /* Podfile */; };
		78B861FC264AE99400F8B4F9 /* NetworkService.swift in Sources */ = {isa = PBXBuildFile; fileRef = 78B861FB264AE99300F8B4F9 /* NetworkService.swift */; };
		78CBECCE264AA68F00C6AA2E /* SearchResponse.swift in Sources */ = {isa = PBXBuildFile; fileRef = 78CBECCD264AA68E00C6AA2E /* SearchResponse.swift */; };
		78E3E1C0265D4C2400D2641A /* AppConstants.swift in Sources */ = {isa = PBXBuildFile; fileRef = 78E3E1BF265D4C2400D2641A /* AppConstants.swift */; };
/* End PBXBuildFile section */

/* Begin PBXFileReference section */
		5F18EEAB30633F4B20BCF9B3 /* Pods-Manga.debug.xcconfig */ = {isa = PBXFileReference; includeInIndex = 1; lastKnownFileType = text.xcconfig; name = "Pods-Manga.debug.xcconfig"; path = "Target Support Files/Pods-Manga/Pods-Manga.debug.xcconfig"; sourceTree = "<group>"; };
		781AA61B2663A453009C6024 /* StorageManger.swift */ = {isa = PBXFileReference; lastKnownFileType = sourcecode.swift; path = StorageManger.swift; sourceTree = "<group>"; };
		7886B58C264E89A000602FDF /* DetailVC.swift */ = {isa = PBXFileReference; lastKnownFileType = sourcecode.swift; path = DetailVC.swift; sourceTree = "<group>"; };
		7895C79B2647F7FC00DAEF99 /* CustomCollectionViewCell.swift */ = {isa = PBXFileReference; lastKnownFileType = sourcecode.swift; path = CustomCollectionViewCell.swift; sourceTree = "<group>"; };
		7898A3FB2667CD9000D6F74A /* ReachabilityService.swift */ = {isa = PBXFileReference; lastKnownFileType = sourcecode.swift; path = ReachabilityService.swift; sourceTree = "<group>"; };
		7898A3FD2667DD1300D6F74A /* MainService.swift */ = {isa = PBXFileReference; lastKnownFileType = sourcecode.swift; path = MainService.swift; sourceTree = "<group>"; };
		789A29C726663F73007CD8DD /* libsqlite3.tbd */ = {isa = PBXFileReference; lastKnownFileType = "sourcecode.text-based-dylib-definition"; name = libsqlite3.tbd; path = usr/lib/libsqlite3.tbd; sourceTree = SDKROOT; };
		78A735A62663CD6C00E7340B /* Extensions.swift */ = {isa = PBXFileReference; lastKnownFileType = sourcecode.swift; path = Extensions.swift; sourceTree = "<group>"; };
		78ACBDCD265E604F0049E734 /* ImageService.swift */ = {isa = PBXFileReference; lastKnownFileType = sourcecode.swift; path = ImageService.swift; sourceTree = "<group>"; };
		78AF785B265921ED00C6D43A /* ModallyScreenViewController.swift */ = {isa = PBXFileReference; lastKnownFileType = sourcecode.swift; path = ModallyScreenViewController.swift; sourceTree = "<group>"; };
		78B7EBF22646C64200AE0F2F /* Manga.app */ = {isa = PBXFileReference; explicitFileType = wrapper.application; includeInIndex = 0; path = Manga.app; sourceTree = BUILT_PRODUCTS_DIR; };
		78B7EBF52646C64200AE0F2F /* AppDelegate.swift */ = {isa = PBXFileReference; lastKnownFileType = sourcecode.swift; path = AppDelegate.swift; sourceTree = "<group>"; };
		78B7EBF72646C64200AE0F2F /* MangaListVC.swift */ = {isa = PBXFileReference; lastKnownFileType = sourcecode.swift; path = MangaListVC.swift; sourceTree = "<group>"; };
		78B7EBFA2646C64200AE0F2F /* Base */ = {isa = PBXFileReference; lastKnownFileType = file.storyboard; name = Base; path = Base.lproj/Main.storyboard; sourceTree = "<group>"; };
		78B7EBFC2646C64300AE0F2F /* Assets.xcassets */ = {isa = PBXFileReference; lastKnownFileType = folder.assetcatalog; path = Assets.xcassets; sourceTree = "<group>"; };
		78B7EBFF2646C64300AE0F2F /* Base */ = {isa = PBXFileReference; lastKnownFileType = file.storyboard; name = Base; path = Base.lproj/LaunchScreen.storyboard; sourceTree = "<group>"; };
		78B7EC012646C64300AE0F2F /* Info.plist */ = {isa = PBXFileReference; lastKnownFileType = text.plist.xml; path = Info.plist; sourceTree = "<group>"; };
		78B7EC072646C65900AE0F2F /* Podfile */ = {isa = PBXFileReference; lastKnownFileType = text; path = Podfile; sourceTree = "<group>"; xcLanguageSpecificationIdentifier = xcode.lang.ruby; };
		78B861FB264AE99300F8B4F9 /* NetworkService.swift */ = {isa = PBXFileReference; lastKnownFileType = sourcecode.swift; path = NetworkService.swift; sourceTree = "<group>"; };
		78CBECCD264AA68E00C6AA2E /* SearchResponse.swift */ = {isa = PBXFileReference; lastKnownFileType = sourcecode.swift; path = SearchResponse.swift; sourceTree = "<group>"; };
		78E3E1BF265D4C2400D2641A /* AppConstants.swift */ = {isa = PBXFileReference; lastKnownFileType = sourcecode.swift; path = AppConstants.swift; sourceTree = "<group>"; };
		8ADB5A13F601F1A0D863555B /* Pods-Manga.release.xcconfig */ = {isa = PBXFileReference; includeInIndex = 1; lastKnownFileType = text.xcconfig; name = "Pods-Manga.release.xcconfig"; path = "Target Support Files/Pods-Manga/Pods-Manga.release.xcconfig"; sourceTree = "<group>"; };
		ADF7AD884863B9AF13ACB555 /* Pods_Manga.framework */ = {isa = PBXFileReference; explicitFileType = wrapper.framework; includeInIndex = 0; path = Pods_Manga.framework; sourceTree = BUILT_PRODUCTS_DIR; };
/* End PBXFileReference section */

/* Begin PBXFrameworksBuildPhase section */
		78B7EBEF2646C64200AE0F2F /* Frameworks */ = {
			isa = PBXFrameworksBuildPhase;
			buildActionMask = 2147483647;
			files = (
				789A29C826663F89007CD8DD /* libsqlite3.tbd in Frameworks */,
				42953489B62615D9496FEAAB /* Pods_Manga.framework in Frameworks */,
			);
			runOnlyForDeploymentPostprocessing = 0;
		};
/* End PBXFrameworksBuildPhase section */

/* Begin PBXGroup section */
		6D26934D4881CEC7853A0002 /* Pods */ = {
			isa = PBXGroup;
			children = (
				5F18EEAB30633F4B20BCF9B3 /* Pods-Manga.debug.xcconfig */,
				8ADB5A13F601F1A0D863555B /* Pods-Manga.release.xcconfig */,
			);
			path = Pods;
			sourceTree = "<group>";
		};
		78B7EBE92646C64200AE0F2F = {
			isa = PBXGroup;
			children = (
				78B7EC072646C65900AE0F2F /* Podfile */,
				78B7EBF42646C64200AE0F2F /* Manga */,
				78B7EBF32646C64200AE0F2F /* Products */,
				6D26934D4881CEC7853A0002 /* Pods */,
				B0C35110905C00FF0281C8D3 /* Frameworks */,
			);
			sourceTree = "<group>";
		};
		78B7EBF32646C64200AE0F2F /* Products */ = {
			isa = PBXGroup;
			children = (
				78B7EBF22646C64200AE0F2F /* Manga.app */,
			);
			name = Products;
			sourceTree = "<group>";
		};
		78B7EBF42646C64200AE0F2F /* Manga */ = {
			isa = PBXGroup;
			children = (
				78F7E6F026554E1B00505FA4 /* Application Layer */,
				78B861FE264AEE7400F8B4F9 /* BusinessLayer */,
				78B861FD264AEDF900F8B4F9 /* PresentationLayer */,
				78F7E6F12655504100505FA4 /* Resources */,
				78F7E6F22655505300505FA4 /* SupportingFiles */,
				78B7EC012646C64300AE0F2F /* Info.plist */,
			);
			path = Manga;
			sourceTree = "<group>";
		};
		78B861FD264AEDF900F8B4F9 /* PresentationLayer */ = {
			isa = PBXGroup;
			children = (
				78BD5F2D2656C93E0045EB24 /* FirstApp */,
				78B7EBF92646C64200AE0F2F /* Main.storyboard */,
				78B7EBFE2646C64300AE0F2F /* LaunchScreen.storyboard */,
			);
			path = PresentationLayer;
			sourceTree = "<group>";
		};
		78B861FE264AEE7400F8B4F9 /* BusinessLayer */ = {
			isa = PBXGroup;
			children = (
				78B861FB264AE99300F8B4F9 /* NetworkService.swift */,
				78ACBDCD265E604F0049E734 /* ImageService.swift */,
				78CBECCD264AA68E00C6AA2E /* SearchResponse.swift */,
				781AA61B2663A453009C6024 /* StorageManger.swift */,
				7898A3FB2667CD9000D6F74A /* ReachabilityService.swift */,
				7898A3FD2667DD1300D6F74A /* MainService.swift */,
			);
			path = BusinessLayer;
			sourceTree = "<group>";
		};
		78BD5F2D2656C93E0045EB24 /* FirstApp */ = {
			isa = PBXGroup;
			children = (
				78B7EBF72646C64200AE0F2F /* MangaListVC.swift */,
				7895C79B2647F7FC00DAEF99 /* CustomCollectionViewCell.swift */,
				7886B58C264E89A000602FDF /* DetailVC.swift */,
				78AF785B265921ED00C6D43A /* ModallyScreenViewController.swift */,
			);
			path = FirstApp;
			sourceTree = "<group>";
		};
		78F7E6F026554E1B00505FA4 /* Application Layer */ = {
			isa = PBXGroup;
			children = (
				78E3E1BF265D4C2400D2641A /* AppConstants.swift */,
				78B7EBF52646C64200AE0F2F /* AppDelegate.swift */,
				78A735A62663CD6C00E7340B /* Extensions.swift */,
			);
			path = "Application Layer";
			sourceTree = "<group>";
		};
		78F7E6F12655504100505FA4 /* Resources */ = {
			isa = PBXGroup;
			children = (
				78B7EBFC2646C64300AE0F2F /* Assets.xcassets */,
			);
			path = Resources;
			sourceTree = "<group>";
		};
		78F7E6F22655505300505FA4 /* SupportingFiles */ = {
			isa = PBXGroup;
			children = (
			);
			path = SupportingFiles;
			sourceTree = "<group>";
		};
		B0C35110905C00FF0281C8D3 /* Frameworks */ = {
			isa = PBXGroup;
			children = (
				789A29C726663F73007CD8DD /* libsqlite3.tbd */,
				ADF7AD884863B9AF13ACB555 /* Pods_Manga.framework */,
			);
			name = Frameworks;
			sourceTree = "<group>";
		};
/* End PBXGroup section */

/* Begin PBXNativeTarget section */
		78B7EBF12646C64200AE0F2F /* Manga */ = {
			isa = PBXNativeTarget;
			buildConfigurationList = 78B7EC042646C64300AE0F2F /* Build configuration list for PBXNativeTarget "Manga" */;
			buildPhases = (
				60635183906F526419A0806A /* [CP] Check Pods Manifest.lock */,
				78B7EBEE2646C64200AE0F2F /* Sources */,
				78B7EBEF2646C64200AE0F2F /* Frameworks */,
				78B7EBF02646C64200AE0F2F /* Resources */,
				E9B198D94F755E62B4433445 /* [CP] Embed Pods Frameworks */,
				78734727266929DC00548D0C /* ShellScript */,
			);
			buildRules = (
			);
			dependencies = (
			);
			name = Manga;
			productName = Manga;
			productReference = 78B7EBF22646C64200AE0F2F /* Manga.app */;
			productType = "com.apple.product-type.application";
		};
/* End PBXNativeTarget section */

/* Begin PBXProject section */
		78B7EBEA2646C64200AE0F2F /* Project object */ = {
			isa = PBXProject;
			attributes = {
				LastSwiftUpdateCheck = 1010;
				LastUpgradeCheck = 1010;
				ORGANIZATIONNAME = Orangesoft;
				TargetAttributes = {
					78B7EBF12646C64200AE0F2F = {
						CreatedOnToolsVersion = 10.1;
					};
				};
			};
			buildConfigurationList = 78B7EBED2646C64200AE0F2F /* Build configuration list for PBXProject "Manga" */;
			compatibilityVersion = "Xcode 9.3";
			developmentRegion = en;
			hasScannedForEncodings = 0;
			knownRegions = (
				en,
				Base,
			);
			mainGroup = 78B7EBE92646C64200AE0F2F;
			productRefGroup = 78B7EBF32646C64200AE0F2F /* Products */;
			projectDirPath = "";
			projectRoot = "";
			targets = (
				78B7EBF12646C64200AE0F2F /* Manga */,
			);
		};
/* End PBXProject section */

/* Begin PBXResourcesBuildPhase section */
		78B7EBF02646C64200AE0F2F /* Resources */ = {
			isa = PBXResourcesBuildPhase;
			buildActionMask = 2147483647;
			files = (
				78B7EC002646C64300AE0F2F /* LaunchScreen.storyboard in Resources */,
				78B7EBFD2646C64300AE0F2F /* Assets.xcassets in Resources */,
				78B7EC082646C65900AE0F2F /* Podfile in Resources */,
				78B7EBFB2646C64200AE0F2F /* Main.storyboard in Resources */,
			);
			runOnlyForDeploymentPostprocessing = 0;
		};
/* End PBXResourcesBuildPhase section */

/* Begin PBXShellScriptBuildPhase section */
		60635183906F526419A0806A /* [CP] Check Pods Manifest.lock */ = {
			isa = PBXShellScriptBuildPhase;
			buildActionMask = 2147483647;
			files = (
			);
			inputFileListPaths = (
			);
			inputPaths = (
				"${PODS_PODFILE_DIR_PATH}/Podfile.lock",
				"${PODS_ROOT}/Manifest.lock",
			);
			name = "[CP] Check Pods Manifest.lock";
			outputFileListPaths = (
			);
			outputPaths = (
				"$(DERIVED_FILE_DIR)/Pods-Manga-checkManifestLockResult.txt",
			);
			runOnlyForDeploymentPostprocessing = 0;
			shellPath = /bin/sh;
			shellScript = "diff \"${PODS_PODFILE_DIR_PATH}/Podfile.lock\" \"${PODS_ROOT}/Manifest.lock\" > /dev/null\nif [ $? != 0 ] ; then\n    # print error to STDERR\n    echo \"error: The sandbox is not in sync with the Podfile.lock. Run 'pod install' or update your CocoaPods installation.\" >&2\n    exit 1\nfi\n# This output is used by Xcode 'outputs' to avoid re-running this script phase.\necho \"SUCCESS\" > \"${SCRIPT_OUTPUT_FILE_0}\"\n";
			showEnvVarsInLog = 0;
		};
		78734727266929DC00548D0C /* ShellScript */ = {
			isa = PBXShellScriptBuildPhase;
			buildActionMask = 2147483647;
			files = (
			);
			inputFileListPaths = (
			);
			inputPaths = (
			);
			outputFileListPaths = (
			);
			outputPaths = (
			);
			runOnlyForDeploymentPostprocessing = 0;
			shellPath = /bin/sh;
			shellScript = "# ${PODS_ROOT}/SwiftLint/swiftlint\n";
		};
		E9B198D94F755E62B4433445 /* [CP] Embed Pods Frameworks */ = {
			isa = PBXShellScriptBuildPhase;
			buildActionMask = 2147483647;
			files = (
			);
			inputFileListPaths = (
				"${PODS_ROOT}/Target Support Files/Pods-Manga/Pods-Manga-frameworks-${CONFIGURATION}-input-files.xcfilelist",
			);
			name = "[CP] Embed Pods Frameworks";
			outputFileListPaths = (
				"${PODS_ROOT}/Target Support Files/Pods-Manga/Pods-Manga-frameworks-${CONFIGURATION}-output-files.xcfilelist",
			);
			runOnlyForDeploymentPostprocessing = 0;
			shellPath = /bin/sh;
			shellScript = "\"${PODS_ROOT}/Target Support Files/Pods-Manga/Pods-Manga-frameworks.sh\"\n";
			showEnvVarsInLog = 0;
		};
/* End PBXShellScriptBuildPhase section */

/* Begin PBXSourcesBuildPhase section */
		78B7EBEE2646C64200AE0F2F /* Sources */ = {
			isa = PBXSourcesBuildPhase;
			buildActionMask = 2147483647;
			files = (
				7898A3FE2667DD1300D6F74A /* MainService.swift in Sources */,
				78B7EBF82646C64200AE0F2F /* MangaListVC.swift in Sources */,
				78E3E1C0265D4C2400D2641A /* AppConstants.swift in Sources */,
				7895C79C2647F7FC00DAEF99 /* CustomCollectionViewCell.swift in Sources */,
				781AA61C2663A453009C6024 /* StorageManger.swift in Sources */,
				78B861FC264AE99400F8B4F9 /* NetworkService.swift in Sources */,
				78B7EBF62646C64200AE0F2F /* AppDelegate.swift in Sources */,
				78ACBDCE265E604F0049E734 /* ImageService.swift in Sources */,
				78CBECCE264AA68F00C6AA2E /* SearchResponse.swift in Sources */,
				7898A3FC2667CD9000D6F74A /* ReachabilityService.swift in Sources */,
				7886B58D264E89A000602FDF /* DetailVC.swift in Sources */,
				78A735A72663CD6C00E7340B /* Extensions.swift in Sources */,
				78AF785C265921ED00C6D43A /* ModallyScreenViewController.swift in Sources */,
			);
			runOnlyForDeploymentPostprocessing = 0;
		};
/* End PBXSourcesBuildPhase section */

/* Begin PBXVariantGroup section */
		78B7EBF92646C64200AE0F2F /* Main.storyboard */ = {
			isa = PBXVariantGroup;
			children = (
				78B7EBFA2646C64200AE0F2F /* Base */,
			);
			name = Main.storyboard;
			sourceTree = "<group>";
		};
		78B7EBFE2646C64300AE0F2F /* LaunchScreen.storyboard */ = {
			isa = PBXVariantGroup;
			children = (
				78B7EBFF2646C64300AE0F2F /* Base */,
			);
			name = LaunchScreen.storyboard;
			sourceTree = "<group>";
		};
/* End PBXVariantGroup section */

/* Begin XCBuildConfiguration section */
		78B7EC022646C64300AE0F2F /* Debug */ = {
			isa = XCBuildConfiguration;
			buildSettings = {
				ALWAYS_SEARCH_USER_PATHS = NO;
				CLANG_ANALYZER_NONNULL = YES;
				CLANG_ANALYZER_NUMBER_OBJECT_CONVERSION = YES_AGGRESSIVE;
				CLANG_CXX_LANGUAGE_STANDARD = "gnu++14";
				CLANG_CXX_LIBRARY = "libc++";
				CLANG_ENABLE_MODULES = YES;
				CLANG_ENABLE_OBJC_ARC = YES;
				CLANG_ENABLE_OBJC_WEAK = YES;
				CLANG_WARN_BLOCK_CAPTURE_AUTORELEASING = YES;
				CLANG_WARN_BOOL_CONVERSION = YES;
				CLANG_WARN_COMMA = YES;
				CLANG_WARN_CONSTANT_CONVERSION = YES;
				CLANG_WARN_DEPRECATED_OBJC_IMPLEMENTATIONS = YES;
				CLANG_WARN_DIRECT_OBJC_ISA_USAGE = YES_ERROR;
				CLANG_WARN_DOCUMENTATION_COMMENTS = YES;
				CLANG_WARN_EMPTY_BODY = YES;
				CLANG_WARN_ENUM_CONVERSION = YES;
				CLANG_WARN_INFINITE_RECURSION = YES;
				CLANG_WARN_INT_CONVERSION = YES;
				CLANG_WARN_NON_LITERAL_NULL_CONVERSION = YES;
				CLANG_WARN_OBJC_IMPLICIT_RETAIN_SELF = YES;
				CLANG_WARN_OBJC_LITERAL_CONVERSION = YES;
				CLANG_WARN_OBJC_ROOT_CLASS = YES_ERROR;
				CLANG_WARN_RANGE_LOOP_ANALYSIS = YES;
				CLANG_WARN_STRICT_PROTOTYPES = YES;
				CLANG_WARN_SUSPICIOUS_MOVE = YES;
				CLANG_WARN_UNGUARDED_AVAILABILITY = YES_AGGRESSIVE;
				CLANG_WARN_UNREACHABLE_CODE = YES;
				CLANG_WARN__DUPLICATE_METHOD_MATCH = YES;
				CODE_SIGN_IDENTITY = "iPhone Developer";
				COPY_PHASE_STRIP = NO;
				DEBUG_INFORMATION_FORMAT = dwarf;
				ENABLE_STRICT_OBJC_MSGSEND = YES;
				ENABLE_TESTABILITY = YES;
				GCC_C_LANGUAGE_STANDARD = gnu11;
				GCC_DYNAMIC_NO_PIC = NO;
				GCC_NO_COMMON_BLOCKS = YES;
				GCC_OPTIMIZATION_LEVEL = 0;
				GCC_PREPROCESSOR_DEFINITIONS = (
					"DEBUG=1",
					"$(inherited)",
				);
				GCC_WARN_64_TO_32_BIT_CONVERSION = YES;
				GCC_WARN_ABOUT_RETURN_TYPE = YES_ERROR;
				GCC_WARN_UNDECLARED_SELECTOR = YES;
				GCC_WARN_UNINITIALIZED_AUTOS = YES_AGGRESSIVE;
				GCC_WARN_UNUSED_FUNCTION = YES;
				GCC_WARN_UNUSED_VARIABLE = YES;
				IPHONEOS_DEPLOYMENT_TARGET = 12.1;
				MTL_ENABLE_DEBUG_INFO = INCLUDE_SOURCE;
				MTL_FAST_MATH = YES;
				ONLY_ACTIVE_ARCH = YES;
				SDKROOT = iphoneos;
				SWIFT_ACTIVE_COMPILATION_CONDITIONS = DEBUG;
				SWIFT_OPTIMIZATION_LEVEL = "-Onone";
			};
			name = Debug;
		};
		78B7EC032646C64300AE0F2F /* Release */ = {
			isa = XCBuildConfiguration;
			buildSettings = {
				ALWAYS_SEARCH_USER_PATHS = NO;
				CLANG_ANALYZER_NONNULL = YES;
				CLANG_ANALYZER_NUMBER_OBJECT_CONVERSION = YES_AGGRESSIVE;
				CLANG_CXX_LANGUAGE_STANDARD = "gnu++14";
				CLANG_CXX_LIBRARY = "libc++";
				CLANG_ENABLE_MODULES = YES;
				CLANG_ENABLE_OBJC_ARC = YES;
				CLANG_ENABLE_OBJC_WEAK = YES;
				CLANG_WARN_BLOCK_CAPTURE_AUTORELEASING = YES;
				CLANG_WARN_BOOL_CONVERSION = YES;
				CLANG_WARN_COMMA = YES;
				CLANG_WARN_CONSTANT_CONVERSION = YES;
				CLANG_WARN_DEPRECATED_OBJC_IMPLEMENTATIONS = YES;
				CLANG_WARN_DIRECT_OBJC_ISA_USAGE = YES_ERROR;
				CLANG_WARN_DOCUMENTATION_COMMENTS = YES;
				CLANG_WARN_EMPTY_BODY = YES;
				CLANG_WARN_ENUM_CONVERSION = YES;
				CLANG_WARN_INFINITE_RECURSION = YES;
				CLANG_WARN_INT_CONVERSION = YES;
				CLANG_WARN_NON_LITERAL_NULL_CONVERSION = YES;
				CLANG_WARN_OBJC_IMPLICIT_RETAIN_SELF = YES;
				CLANG_WARN_OBJC_LITERAL_CONVERSION = YES;
				CLANG_WARN_OBJC_ROOT_CLASS = YES_ERROR;
				CLANG_WARN_RANGE_LOOP_ANALYSIS = YES;
				CLANG_WARN_STRICT_PROTOTYPES = YES;
				CLANG_WARN_SUSPICIOUS_MOVE = YES;
				CLANG_WARN_UNGUARDED_AVAILABILITY = YES_AGGRESSIVE;
				CLANG_WARN_UNREACHABLE_CODE = YES;
				CLANG_WARN__DUPLICATE_METHOD_MATCH = YES;
				CODE_SIGN_IDENTITY = "iPhone Developer";
				COPY_PHASE_STRIP = NO;
				DEBUG_INFORMATION_FORMAT = "dwarf-with-dsym";
				ENABLE_NS_ASSERTIONS = NO;
				ENABLE_STRICT_OBJC_MSGSEND = YES;
				GCC_C_LANGUAGE_STANDARD = gnu11;
				GCC_NO_COMMON_BLOCKS = YES;
				GCC_WARN_64_TO_32_BIT_CONVERSION = YES;
				GCC_WARN_ABOUT_RETURN_TYPE = YES_ERROR;
				GCC_WARN_UNDECLARED_SELECTOR = YES;
				GCC_WARN_UNINITIALIZED_AUTOS = YES_AGGRESSIVE;
				GCC_WARN_UNUSED_FUNCTION = YES;
				GCC_WARN_UNUSED_VARIABLE = YES;
				IPHONEOS_DEPLOYMENT_TARGET = 12.1;
				MTL_ENABLE_DEBUG_INFO = NO;
				MTL_FAST_MATH = YES;
				SDKROOT = iphoneos;
				SWIFT_COMPILATION_MODE = wholemodule;
				SWIFT_OPTIMIZATION_LEVEL = "-O";
				VALIDATE_PRODUCT = YES;
			};
			name = Release;
		};
		78B7EC052646C64300AE0F2F /* Debug */ = {
			isa = XCBuildConfiguration;
			baseConfigurationReference = 5F18EEAB30633F4B20BCF9B3 /* Pods-Manga.debug.xcconfig */;
			buildSettings = {
				ASSETCATALOG_COMPILER_APPICON_NAME = AppIcon;
				CODE_SIGN_STYLE = Automatic;
				DEVELOPMENT_TEAM = 6T882Y5KK7;
				INFOPLIST_FILE = Manga/Info.plist;
				IPHONEOS_DEPLOYMENT_TARGET = 13.2;
				LD_RUNPATH_SEARCH_PATHS = (
					"$(inherited)",
					"@executable_path/Frameworks",
				);
				PRODUCT_BUNDLE_IDENTIFIER = com.TopMangaSearch.Manga;
				PRODUCT_NAME = "$(TARGET_NAME)";
				SWIFT_VERSION = 5.0;
				TARGETED_DEVICE_FAMILY = "1,2";
			};
			name = Debug;
		};
		78B7EC062646C64300AE0F2F /* Release */ = {
			isa = XCBuildConfiguration;
			baseConfigurationReference = 8ADB5A13F601F1A0D863555B /* Pods-Manga.release.xcconfig */;
			buildSettings = {
				ASSETCATALOG_COMPILER_APPICON_NAME = AppIcon;
				CODE_SIGN_STYLE = Automatic;
				DEVELOPMENT_TEAM = 6T882Y5KK7;
				INFOPLIST_FILE = Manga/Info.plist;
				IPHONEOS_DEPLOYMENT_TARGET = 13.2;
				LD_RUNPATH_SEARCH_PATHS = (
					"$(inherited)",
					"@executable_path/Frameworks",
				);
				PRODUCT_BUNDLE_IDENTIFIER = com.TopMangaSearch.Manga;
				PRODUCT_NAME = "$(TARGET_NAME)";
				SWIFT_VERSION = 5.0;
				TARGETED_DEVICE_FAMILY = "1,2";
			};
			name = Release;
		};
/* End XCBuildConfiguration section */

/* Begin XCConfigurationList section */
		78B7EBED2646C64200AE0F2F /* Build configuration list for PBXProject "Manga" */ = {
			isa = XCConfigurationList;
			buildConfigurations = (
				78B7EC022646C64300AE0F2F /* Debug */,
				78B7EC032646C64300AE0F2F /* Release */,
			);
			defaultConfigurationIsVisible = 0;
			defaultConfigurationName = Release;
		};
		78B7EC042646C64300AE0F2F /* Build configuration list for PBXNativeTarget "Manga" */ = {
			isa = XCConfigurationList;
			buildConfigurations = (
				78B7EC052646C64300AE0F2F /* Debug */,
				78B7EC062646C64300AE0F2F /* Release */,
			);
			defaultConfigurationIsVisible = 0;
			defaultConfigurationName = Release;
		};
/* End XCConfigurationList section */
	};
	rootObject = 78B7EBEA2646C64200AE0F2F /* Project object */;
}
